
Microsoft Visual Studio Solution File, Format Version 12.00
# Visual Studio 15
VisualStudioVersion = 15.0.28307.438
MinimumVisualStudioVersion = 10.0.40219.1
Project("{888888A0-9F3D-457C-B088-3A5042F75D52}") = "bert-as-service", "bert-as-service.pyproj", "{01F5A9EC-ED0C-4C78-91FD-6B1ACABA6584}"
EndProject
Global
	GlobalSection(SolutionConfigurationPlatforms) = preSolution
		Debug|Any CPU = Debug|Any CPU
		Release|Any CPU = Release|Any CPU
	EndGlobalSection
	GlobalSection(ProjectConfigurationPlatforms) = postSolution
		{01F5A9EC-ED0C-4C78-91FD-6B1ACABA6584}.Debug|Any CPU.ActiveCfg = Debug|Any CPU
		{01F5A9EC-ED0C-4C78-91FD-6B1ACABA6584}.Release|Any CPU.ActiveCfg = Release|Any CPU
	EndGlobalSection
	GlobalSection(SolutionProperties) = preSolution
		HideSolutionNode = FALSE
	EndGlobalSection
	GlobalSection(ExtensibilityGlobals) = postSolution
		SolutionGuid = {44AE316F-1F82-45BA-B2B2-14656A6A575C}
	EndGlobalSection
EndGlobal
